
Microsoft Visual Studio Solution File, Format Version 12.00
# Visual Studio Version 16
VisualStudioVersion = 16.0.31729.503
MinimumVisualStudioVersion = 10.0.40219.1
Project("{FAE04EC0-301F-11D3-BF4B-00C04F79EFBC}") = "Ayubo Drive", "Ayubo Drive\Ayubo Drive.csproj", "{7D588967-AFAD-46FD-AF79-DCF5E22C49D1}"
EndProject
Global
	GlobalSection(SolutionConfigurationPlatforms) = preSolution
		Debug|Any CPU = Debug|Any CPU
		Release|Any CPU = Release|Any CPU
	EndGlobalSection
	GlobalSection(ProjectConfigurationPlatforms) = postSolution
		{7D588967-AFAD-46FD-AF79-DCF5E22C49D1}.Debug|Any CPU.ActiveCfg = Debug|Any CPU
		{7D588967-AFAD-46FD-AF79-DCF5E22C49D1}.Debug|Any CPU.Build.0 = Debug|Any CPU
		{7D588967-AFAD-46FD-AF79-DCF5E22C49D1}.Release|Any CPU.ActiveCfg = Release|Any CPU
		{7D588967-AFAD-46FD-AF79-DCF5E22C49D1}.Release|Any CPU.Build.0 = Release|Any CPU
	EndGlobalSection
	GlobalSection(SolutionProperties) = preSolution
		HideSolutionNode = FALSE
	EndGlobalSection
	GlobalSection(ExtensibilityGlobals) = postSolution
		SolutionGuid = {6263456B-2D71-48F7-BA1B-DF8D43619391}
	EndGlobalSection
EndGlobal
